
Microsoft Visual Studio Solution File, Format Version 12.00
# Visual Studio Version 16
VisualStudioVersion = 16.0.30114.105
MinimumVisualStudioVersion = 10.0.40219.1
Project("{FAE04EC0-301F-11D3-BF4B-00C04F79EFBC}") = "archie", "archie.csproj", "{94689F48-5E35-4FB9-B53D-664DBB5F775A}"
EndProject
Project("{FAE04EC0-301F-11D3-BF4B-00C04F79EFBC}") = "units", "units\units.csproj", "{656A99C9-6A2F-465B-8597-4945B69CBB6D}"
EndProject
Global
	GlobalSection(SolutionConfigurationPlatforms) = preSolution
		Debug|Any CPU = Debug|Any CPU
		Release|Any CPU = Release|Any CPU
	EndGlobalSection
	GlobalSection(SolutionProperties) = preSolution
		HideSolutionNode = FALSE
	EndGlobalSection
	GlobalSection(ProjectConfigurationPlatforms) = postSolution
		{94689F48-5E35-4FB9-B53D-664DBB5F775A}.Debug|Any CPU.ActiveCfg = Debug|Any CPU
		{94689F48-5E35-4FB9-B53D-664DBB5F775A}.Debug|Any CPU.Build.0 = Debug|Any CPU
		{94689F48-5E35-4FB9-B53D-664DBB5F775A}.Release|Any CPU.ActiveCfg = Release|Any CPU
		{94689F48-5E35-4FB9-B53D-664DBB5F775A}.Release|Any CPU.Build.0 = Release|Any CPU
		{656A99C9-6A2F-465B-8597-4945B69CBB6D}.Debug|Any CPU.ActiveCfg = Debug|Any CPU
		{656A99C9-6A2F-465B-8597-4945B69CBB6D}.Debug|Any CPU.Build.0 = Debug|Any CPU
		{656A99C9-6A2F-465B-8597-4945B69CBB6D}.Release|Any CPU.ActiveCfg = Release|Any CPU
		{656A99C9-6A2F-465B-8597-4945B69CBB6D}.Release|Any CPU.Build.0 = Release|Any CPU
	EndGlobalSection
EndGlobal
